
Microsoft Visual Studio Solution File, Format Version 12.00
# Visual Studio Version 17
VisualStudioVersion = 17.1.32228.430
MinimumVisualStudioVersion = 10.0.40219.1
Project("{9A19103F-16F7-4668-BE54-9A1E7A4F7556}") = "HomeWork-2", "ConsoleApp1\HomeWork-2.csproj", "{C3398B85-1B03-47DC-B6A0-BC681A2851F4}"
EndProject
Project("{9A19103F-16F7-4668-BE54-9A1E7A4F7556}") = "Homework-3", "Homework-3\Homework-3.csproj", "{D21948A9-6DB2-4F16-AB5B-8BD37F7021C9}"
EndProject
Project("{9A19103F-16F7-4668-BE54-9A1E7A4F7556}") = "Homework 4", "Homework 4\Homework 4.csproj", "{B4A759E0-EDD2-4D21-A9DA-2FC51CB9E413}"
EndProject
Project("{9A19103F-16F7-4668-BE54-9A1E7A4F7556}") = "Homework-5", "Homework-5\Homework-5.csproj", "{4367795A-AA1B-4A38-B67B-BB69B5D4A0A0}"
EndProject
Project("{FAE04EC0-301F-11D3-BF4B-00C04F79EFBC}") = "Homework-6", "Homework-6\Homework-6.csproj", "{55F23536-20CC-485E-A8CB-6F9503F37824}"
EndProject
Project("{FAE04EC0-301F-11D3-BF4B-00C04F79EFBC}") = "Homework-7", "Homework-7\Homework-7.csproj", "{CB76D884-1F47-4284-9827-326F4A2E05F6}"
EndProject
Global
	GlobalSection(SolutionConfigurationPlatforms) = preSolution
		Debug|Any CPU = Debug|Any CPU
		Release|Any CPU = Release|Any CPU
	EndGlobalSection
	GlobalSection(ProjectConfigurationPlatforms) = postSolution
		{C3398B85-1B03-47DC-B6A0-BC681A2851F4}.Debug|Any CPU.ActiveCfg = Debug|Any CPU
		{C3398B85-1B03-47DC-B6A0-BC681A2851F4}.Debug|Any CPU.Build.0 = Debug|Any CPU
		{C3398B85-1B03-47DC-B6A0-BC681A2851F4}.Release|Any CPU.ActiveCfg = Release|Any CPU
		{C3398B85-1B03-47DC-B6A0-BC681A2851F4}.Release|Any CPU.Build.0 = Release|Any CPU
		{D21948A9-6DB2-4F16-AB5B-8BD37F7021C9}.Debug|Any CPU.ActiveCfg = Debug|Any CPU
		{D21948A9-6DB2-4F16-AB5B-8BD37F7021C9}.Debug|Any CPU.Build.0 = Debug|Any CPU
		{D21948A9-6DB2-4F16-AB5B-8BD37F7021C9}.Release|Any CPU.ActiveCfg = Release|Any CPU
		{D21948A9-6DB2-4F16-AB5B-8BD37F7021C9}.Release|Any CPU.Build.0 = Release|Any CPU
		{B4A759E0-EDD2-4D21-A9DA-2FC51CB9E413}.Debug|Any CPU.ActiveCfg = Debug|Any CPU
		{B4A759E0-EDD2-4D21-A9DA-2FC51CB9E413}.Debug|Any CPU.Build.0 = Debug|Any CPU
		{B4A759E0-EDD2-4D21-A9DA-2FC51CB9E413}.Release|Any CPU.ActiveCfg = Release|Any CPU
		{B4A759E0-EDD2-4D21-A9DA-2FC51CB9E413}.Release|Any CPU.Build.0 = Release|Any CPU
		{4367795A-AA1B-4A38-B67B-BB69B5D4A0A0}.Debug|Any CPU.ActiveCfg = Debug|Any CPU
		{4367795A-AA1B-4A38-B67B-BB69B5D4A0A0}.Debug|Any CPU.Build.0 = Debug|Any CPU
		{4367795A-AA1B-4A38-B67B-BB69B5D4A0A0}.Release|Any CPU.ActiveCfg = Release|Any CPU
		{4367795A-AA1B-4A38-B67B-BB69B5D4A0A0}.Release|Any CPU.Build.0 = Release|Any CPU
		{55F23536-20CC-485E-A8CB-6F9503F37824}.Debug|Any CPU.ActiveCfg = Debug|Any CPU
		{55F23536-20CC-485E-A8CB-6F9503F37824}.Debug|Any CPU.Build.0 = Debug|Any CPU
		{55F23536-20CC-485E-A8CB-6F9503F37824}.Release|Any CPU.ActiveCfg = Release|Any CPU
		{55F23536-20CC-485E-A8CB-6F9503F37824}.Release|Any CPU.Build.0 = Release|Any CPU
		{CB76D884-1F47-4284-9827-326F4A2E05F6}.Debug|Any CPU.ActiveCfg = Debug|Any CPU
		{CB76D884-1F47-4284-9827-326F4A2E05F6}.Debug|Any CPU.Build.0 = Debug|Any CPU
		{CB76D884-1F47-4284-9827-326F4A2E05F6}.Release|Any CPU.ActiveCfg = Release|Any CPU
		{CB76D884-1F47-4284-9827-326F4A2E05F6}.Release|Any CPU.Build.0 = Release|Any CPU
	EndGlobalSection
	GlobalSection(SolutionProperties) = preSolution
		HideSolutionNode = FALSE
	EndGlobalSection
	GlobalSection(ExtensibilityGlobals) = postSolution
		SolutionGuid = {93E983E0-DD2D-4D77-B339-AA935E55C364}
	EndGlobalSection
EndGlobal
